<?xml version="1.0" encoding="utf-8"?>
<Project ToolsVersion="4.0" xmlns="http://schemas.microsoft.com/developer/msbuild/2003">
  <ItemGroup>
    <ClCompile Include="base64.cpp" />
    <ClCompile Include="CrashHandler.cpp" />
    <ClCompile Include="GameSocket.cpp" />
    <ClCompile Include="irrxml\irrXML.cpp" />
    <ClCompile Include="Main.cpp" />
    <ClCompile Include="Master.cpp" />
    <ClCompile Include="DotConfPP\dotconfpp.cpp" />
    <ClCompile Include="DotConfPP\mempool.cpp" />
    <ClCompile Include="CallBack.cpp" />
    <ClCompile Include="Config.cpp" />
    <ClCompile Include="Log.cpp" />
    <ClCompile Include="MersenneTwister.cpp" />
    <ClCompile Include="PlayerObjectHandlers.cpp" />
    <ClCompile Include="StackWalker.cpp" />
    <ClCompile Include="Timer.cpp" />
    <ClCompile Include="Util.cpp" />
    <ClCompile Include="Database\Database.cpp" />
    <ClCompile Include="GameClient.cpp" />
    <ClCompile Include="GameServer.cpp" />
    <ClCompile Include="MessageTypes.cpp" />
    <ClCompile Include="ObjectMgr.cpp" />
    <ClCompile Include="PlayerObject.cpp" />
    <ClCompile Include="SequencedPacket.cpp" />
    <ClCompile Include="BitStream.cpp" />
    <ClCompile Include="BitVarStream.cpp" />
    <ClCompile Include="MarginHandler.cpp" />
    <ClCompile Include="MarginServer.cpp" />
    <ClCompile Include="MarginSocket.cpp" />
    <ClCompile Include="AuthHandler.cpp" />
    <ClCompile Include="AuthServer.cpp" />
    <ClCompile Include="AuthSocket.cpp" />
    <ClCompile Include="TCPVariableLengthPacket.cpp" />
    <ClCompile Include="TCPVarLenSocket.cpp" />
    <ClCompile Include="Threading\NativeMutex.cpp" />
    <ClCompile Include="Threading\ThreadPool.cpp" />
    <ClCompile Include="ConsoleThread.cpp" />
  </ItemGroup>
  <ItemGroup>
    <ClInclude Include="AnimationClass.h" />
    <ClInclude Include="base64.h" />
    <ClInclude Include="CrashHandler.h" />
    <ClInclude Include="CryptoTest.h" />
    <ClInclude Include="GameSocket.h" />
    <ClInclude Include="irrxml\CXMLReaderImpl.h" />
    <ClInclude Include="irrxml\fast_atof.h" />
    <ClInclude Include="irrxml\heapsort.h" />
    <ClInclude Include="irrxml\irrArray.h" />
    <ClInclude Include="irrxml\irrString.h" />
    <ClInclude Include="irrxml\irrTypes.h" />
    <ClInclude Include="irrxml\irrXML.h" />
    <ClInclude Include="Master.h" />
    <ClInclude Include="seqchecktest.h" />
    <ClInclude Include="StackWalker.h" />
    <ClInclude Include="SubPacketsTest.h" />
    <ClInclude Include="DotConfPP\dotconfpp.h" />
    <ClInclude Include="DotConfPP\mempool.h" />
    <ClInclude Include="ByteBuffer.h" />
    <ClInclude Include="CallBack.h" />
    <ClInclude Include="Config.h" />
    <ClInclude Include="Errors.h" />
    <ClInclude Include="Log.h" />
    <ClInclude Include="MersenneTwister.h" />
    <ClInclude Include="Singleton.h" />
    <ClInclude Include="SymmetricCrypto.h" />
    <ClInclude Include="Util.h" />
    <ClInclude Include="Database\Database.h" />
    <ClInclude Include="Database\DatabaseEnv.h" />
    <ClInclude Include="Database\Field.h" />
    <ClInclude Include="GameClient.h" />
    <ClInclude Include="GameRunnable.h" />
    <ClInclude Include="GameServer.h" />
    <ClInclude Include="LocationVector.h" />
    <ClInclude Include="MessageTypes.h" />
    <ClInclude Include="ObjectMgr.h" />
    <ClInclude Include="PlayerObject.h" />
    <ClInclude Include="RsiData.h" />
    <ClInclude Include="SequencedPacket.h" />
    <ClInclude Include="BitStream.h" />
    <ClInclude Include="BitVarStream.h" />
    <ClInclude Include="Common.h" />
    <ClInclude Include="Crypto.h" />
    <ClInclude Include="Sockets.h" />
    <ClInclude Include="Timer.h" />
    <ClInclude Include="EncryptedPacket.h" />
    <ClInclude Include="MarginHandler.h" />
    <ClInclude Include="MarginRunnable.h" />
    <ClInclude Include="MarginServer.h" />
    <ClInclude Include="MarginSocket.h" />
    <ClInclude Include="AuthHandler.h" />
    <ClInclude Include="AuthRunnable.h" />
    <ClInclude Include="AuthServer.h" />
    <ClInclude Include="AuthSocket.h" />
    <ClInclude Include="SignedDataStruct.h" />
    <ClInclude Include="TCPVariableLengthPacket.h" />
    <ClInclude Include="TCPVarLenSocket.h" />
    <ClInclude Include="Threading\Condition.h" />
    <ClInclude Include="Threading\Guard.h" />
    <ClInclude Include="Threading\LockedQueue.h" />
    <ClInclude Include="Threading\NativeMutex.h" />
    <ClInclude Include="Threading\Queue.h" />
    <ClInclude Include="Threading\RWLock.h" />
    <ClInclude Include="Threading\Threading.h" />
    <ClInclude Include="Threading\ThreadPool.h" />
    <ClInclude Include="Threading\ThreadStarter.h" />
    <ClInclude Include="ConsoleThread.h" />
  </ItemGroup>
</Project>